
Microsoft Visual Studio Solution File, Format Version 12.00
# Visual Studio Version 17
VisualStudioVersion = 17.2.32210.308
MinimumVisualStudioVersion = 10.0.40219.1
Project("{FAE04EC0-301F-11D3-BF4B-00C04F79EFBC}") = "ChatApp.Server", "ChatApp\Server\ChatApp.Server.csproj", "{BF7FC02A-3C19-4B31-869E-DE27D595F3D3}"
EndProject
Project("{FAE04EC0-301F-11D3-BF4B-00C04F79EFBC}") = "ChatApp.Client", "ChatApp\Client\ChatApp.Client.csproj", "{C8F29289-EFF3-4631-BD16-1E6D0FC7AA6F}"
EndProject
Project("{FAE04EC0-301F-11D3-BF4B-00C04F79EFBC}") = "ChatApp.Shared", "ChatApp\Shared\ChatApp.Shared.csproj", "{01E2AE53-7B18-4B41-A6BF-319F9380EC29}"
EndProject
Global
	GlobalSection(SolutionConfigurationPlatforms) = preSolution
		Debug|Any CPU = Debug|Any CPU
		Release|Any CPU = Release|Any CPU
	EndGlobalSection
	GlobalSection(ProjectConfigurationPlatforms) = postSolution
		{BF7FC02A-3C19-4B31-869E-DE27D595F3D3}.Debug|Any CPU.ActiveCfg = Debug|Any CPU
		{BF7FC02A-3C19-4B31-869E-DE27D595F3D3}.Debug|Any CPU.Build.0 = Debug|Any CPU
		{BF7FC02A-3C19-4B31-869E-DE27D595F3D3}.Release|Any CPU.ActiveCfg = Release|Any CPU
		{BF7FC02A-3C19-4B31-869E-DE27D595F3D3}.Release|Any CPU.Build.0 = Release|Any CPU
		{C8F29289-EFF3-4631-BD16-1E6D0FC7AA6F}.Debug|Any CPU.ActiveCfg = Debug|Any CPU
		{C8F29289-EFF3-4631-BD16-1E6D0FC7AA6F}.Debug|Any CPU.Build.0 = Debug|Any CPU
		{C8F29289-EFF3-4631-BD16-1E6D0FC7AA6F}.Release|Any CPU.ActiveCfg = Release|Any CPU
		{C8F29289-EFF3-4631-BD16-1E6D0FC7AA6F}.Release|Any CPU.Build.0 = Release|Any CPU
		{01E2AE53-7B18-4B41-A6BF-319F9380EC29}.Debug|Any CPU.ActiveCfg = Debug|Any CPU
		{01E2AE53-7B18-4B41-A6BF-319F9380EC29}.Debug|Any CPU.Build.0 = Debug|Any CPU
		{01E2AE53-7B18-4B41-A6BF-319F9380EC29}.Release|Any CPU.ActiveCfg = Release|Any CPU
		{01E2AE53-7B18-4B41-A6BF-319F9380EC29}.Release|Any CPU.Build.0 = Release|Any CPU
	EndGlobalSection
	GlobalSection(SolutionProperties) = preSolution
		HideSolutionNode = FALSE
	EndGlobalSection
	GlobalSection(ExtensibilityGlobals) = postSolution
		SolutionGuid = {72657446-E21B-4288-A362-171C0D3F970B}
	EndGlobalSection
EndGlobal
